
Microsoft Visual Studio Solution File, Format Version 12.00
# Visual Studio 15
VisualStudioVersion = 15.0.27004.2002
MinimumVisualStudioVersion = 10.0.40219.1
Project("{FAE04EC0-301F-11D3-BF4B-00C04F79EFBC}") = "HardwareInfo", "..\..\..\..\..\source\repos\HardwareInfo\HardwareInfo\HardwareInfo.csproj", "{2CF313D7-990C-4CD9-9959-3E9FCB65F7A8}"
EndProject
Global
	GlobalSection(SolutionConfigurationPlatforms) = preSolution
		Debug|Any CPU = Debug|Any CPU
		Release|Any CPU = Release|Any CPU
	EndGlobalSection
	GlobalSection(ProjectConfigurationPlatforms) = postSolution
		{2CF313D7-990C-4CD9-9959-3E9FCB65F7A8}.Debug|Any CPU.ActiveCfg = Debug|Any CPU
		{2CF313D7-990C-4CD9-9959-3E9FCB65F7A8}.Debug|Any CPU.Build.0 = Debug|Any CPU
		{2CF313D7-990C-4CD9-9959-3E9FCB65F7A8}.Release|Any CPU.ActiveCfg = Release|Any CPU
		{2CF313D7-990C-4CD9-9959-3E9FCB65F7A8}.Release|Any CPU.Build.0 = Release|Any CPU
	EndGlobalSection
	GlobalSection(SolutionProperties) = preSolution
		HideSolutionNode = FALSE
	EndGlobalSection
	GlobalSection(ExtensibilityGlobals) = postSolution
		SolutionGuid = {82F954BC-91AB-4B31-A5C3-AC37B0D22183}
	EndGlobalSection
EndGlobal
