
Microsoft Visual Studio Solution File, Format Version 12.00
# Visual Studio 15
VisualStudioVersion = 15.0.26730.16
MinimumVisualStudioVersion = 10.0.40219.1
Project("{FAE04EC0-301F-11D3-BF4B-00C04F79EFBC}") = "FirstConsoleApp", "FirstConsoleApp\FirstConsoleApp.csproj", "{4F542A27-DE43-4838-843A-CA9A51BB1F75}"
EndProject
Project("{FAE04EC0-301F-11D3-BF4B-00C04F79EFBC}") = "02_Printing_Out_Text", "02_Printing_Out_Text\02_Printing_Out_Text.csproj", "{B2E8A321-F346-47EC-805C-831EE09BEF07}"
EndProject
Project("{FAE04EC0-301F-11D3-BF4B-00C04F79EFBC}") = "First_User_Input", "First_User_Input\First_User_Input.csproj", "{58F9FD20-52E0-49F2-8D24-B02A0E933104}"
EndProject
Project("{FAE04EC0-301F-11D3-BF4B-00C04F79EFBC}") = "EsimeneKalkulaator", "EsimeneKalkulaator\EsimeneKalkulaator.csproj", "{671F24E9-2BFF-411B-A7F4-B9D52B8E872E}"
EndProject
Project("{FAE04EC0-301F-11D3-BF4B-00C04F79EFBC}") = "Kalkulaator2", "Kalkulaator2\Kalkulaator2.csproj", "{78161AED-F912-41FF-8914-C0DCD6117208}"
EndProject
Project("{FAE04EC0-301F-11D3-BF4B-00C04F79EFBC}") = "ControlFlow1", "ControlFlow1\ControlFlow1.csproj", "{4903E9D1-C3A2-451F-95E5-DFB4E5561538}"
EndProject
Global
	GlobalSection(SolutionConfigurationPlatforms) = preSolution
		Debug|Any CPU = Debug|Any CPU
		Release|Any CPU = Release|Any CPU
	EndGlobalSection
	GlobalSection(ProjectConfigurationPlatforms) = postSolution
		{4F542A27-DE43-4838-843A-CA9A51BB1F75}.Debug|Any CPU.ActiveCfg = Debug|Any CPU
		{4F542A27-DE43-4838-843A-CA9A51BB1F75}.Debug|Any CPU.Build.0 = Debug|Any CPU
		{4F542A27-DE43-4838-843A-CA9A51BB1F75}.Release|Any CPU.ActiveCfg = Release|Any CPU
		{4F542A27-DE43-4838-843A-CA9A51BB1F75}.Release|Any CPU.Build.0 = Release|Any CPU
		{B2E8A321-F346-47EC-805C-831EE09BEF07}.Debug|Any CPU.ActiveCfg = Debug|Any CPU
		{B2E8A321-F346-47EC-805C-831EE09BEF07}.Debug|Any CPU.Build.0 = Debug|Any CPU
		{B2E8A321-F346-47EC-805C-831EE09BEF07}.Release|Any CPU.ActiveCfg = Release|Any CPU
		{B2E8A321-F346-47EC-805C-831EE09BEF07}.Release|Any CPU.Build.0 = Release|Any CPU
		{58F9FD20-52E0-49F2-8D24-B02A0E933104}.Debug|Any CPU.ActiveCfg = Debug|Any CPU
		{58F9FD20-52E0-49F2-8D24-B02A0E933104}.Debug|Any CPU.Build.0 = Debug|Any CPU
		{58F9FD20-52E0-49F2-8D24-B02A0E933104}.Release|Any CPU.ActiveCfg = Release|Any CPU
		{58F9FD20-52E0-49F2-8D24-B02A0E933104}.Release|Any CPU.Build.0 = Release|Any CPU
		{671F24E9-2BFF-411B-A7F4-B9D52B8E872E}.Debug|Any CPU.ActiveCfg = Debug|Any CPU
		{671F24E9-2BFF-411B-A7F4-B9D52B8E872E}.Debug|Any CPU.Build.0 = Debug|Any CPU
		{671F24E9-2BFF-411B-A7F4-B9D52B8E872E}.Release|Any CPU.ActiveCfg = Release|Any CPU
		{671F24E9-2BFF-411B-A7F4-B9D52B8E872E}.Release|Any CPU.Build.0 = Release|Any CPU
		{78161AED-F912-41FF-8914-C0DCD6117208}.Debug|Any CPU.ActiveCfg = Debug|Any CPU
		{78161AED-F912-41FF-8914-C0DCD6117208}.Debug|Any CPU.Build.0 = Debug|Any CPU
		{78161AED-F912-41FF-8914-C0DCD6117208}.Release|Any CPU.ActiveCfg = Release|Any CPU
		{78161AED-F912-41FF-8914-C0DCD6117208}.Release|Any CPU.Build.0 = Release|Any CPU
		{4903E9D1-C3A2-451F-95E5-DFB4E5561538}.Debug|Any CPU.ActiveCfg = Debug|Any CPU
		{4903E9D1-C3A2-451F-95E5-DFB4E5561538}.Debug|Any CPU.Build.0 = Debug|Any CPU
		{4903E9D1-C3A2-451F-95E5-DFB4E5561538}.Release|Any CPU.ActiveCfg = Release|Any CPU
		{4903E9D1-C3A2-451F-95E5-DFB4E5561538}.Release|Any CPU.Build.0 = Release|Any CPU
	EndGlobalSection
	GlobalSection(SolutionProperties) = preSolution
		HideSolutionNode = FALSE
	EndGlobalSection
	GlobalSection(ExtensibilityGlobals) = postSolution
		SolutionGuid = {69D70D0B-A22F-4FB6-8332-A0658837E719}
	EndGlobalSection
EndGlobal
